
Microsoft Visual Studio Solution File, Format Version 12.00
# Visual Studio Version 16
VisualStudioVersion = 16.0.31025.194
MinimumVisualStudioVersion = 10.0.40219.1
Project("{FAE04EC0-301F-11D3-BF4B-00C04F79EFBC}") = "AttendanceApplication", "AttendanceApplication\AttendanceApplication.csproj", "{B49F1A48-43C7-4D51-A7BF-148B6BB35690}"
EndProject
Global
	GlobalSection(SolutionConfigurationPlatforms) = preSolution
		Debug|Any CPU = Debug|Any CPU
		Release|Any CPU = Release|Any CPU
	EndGlobalSection
	GlobalSection(ProjectConfigurationPlatforms) = postSolution
		{B49F1A48-43C7-4D51-A7BF-148B6BB35690}.Debug|Any CPU.ActiveCfg = Debug|Any CPU
		{B49F1A48-43C7-4D51-A7BF-148B6BB35690}.Debug|Any CPU.Build.0 = Debug|Any CPU
		{B49F1A48-43C7-4D51-A7BF-148B6BB35690}.Release|Any CPU.ActiveCfg = Release|Any CPU
		{B49F1A48-43C7-4D51-A7BF-148B6BB35690}.Release|Any CPU.Build.0 = Release|Any CPU
	EndGlobalSection
	GlobalSection(SolutionProperties) = preSolution
		HideSolutionNode = FALSE
	EndGlobalSection
	GlobalSection(ExtensibilityGlobals) = postSolution
		SolutionGuid = {4A085AF1-2A7D-4DE3-A60D-2C92FDD41316}
	EndGlobalSection
EndGlobal
